
Microsoft Visual Studio Solution File, Format Version 12.00
# Visual Studio Version 16
VisualStudioVersion = 16.0.29806.167
MinimumVisualStudioVersion = 10.0.40219.1
Project("{FAE04EC0-301F-11D3-BF4B-00C04F79EFBC}") = "MvcBasics_step359", "MvcBasics_step359.csproj", "{70228732-1403-4441-856E-F07B5DFBF5B6}"
EndProject
Global
	GlobalSection(SolutionConfigurationPlatforms) = preSolution
		Debug|Any CPU = Debug|Any CPU
		Release|Any CPU = Release|Any CPU
	EndGlobalSection
	GlobalSection(ProjectConfigurationPlatforms) = postSolution
		{70228732-1403-4441-856E-F07B5DFBF5B6}.Debug|Any CPU.ActiveCfg = Debug|Any CPU
		{70228732-1403-4441-856E-F07B5DFBF5B6}.Debug|Any CPU.Build.0 = Debug|Any CPU
		{70228732-1403-4441-856E-F07B5DFBF5B6}.Release|Any CPU.ActiveCfg = Release|Any CPU
		{70228732-1403-4441-856E-F07B5DFBF5B6}.Release|Any CPU.Build.0 = Release|Any CPU
	EndGlobalSection
	GlobalSection(SolutionProperties) = preSolution
		HideSolutionNode = FALSE
	EndGlobalSection
	GlobalSection(ExtensibilityGlobals) = postSolution
		SolutionGuid = {1E5B68F7-AA73-4143-B84C-C3D9300D42DE}
	EndGlobalSection
EndGlobal
