
Microsoft Visual Studio Solution File, Format Version 12.00
# Visual Studio Version 16
VisualStudioVersion = 16.0.29806.167
MinimumVisualStudioVersion = 10.0.40219.1
Project("{FAE04EC0-301F-11D3-BF4B-00C04F79EFBC}") = "Iteration_step192", "Iteration_step192.csproj", "{A7143086-D1BE-474E-A4D4-BC1746194B36}"
EndProject
Global
	GlobalSection(SolutionConfigurationPlatforms) = preSolution
		Debug|Any CPU = Debug|Any CPU
		Release|Any CPU = Release|Any CPU
	EndGlobalSection
	GlobalSection(ProjectConfigurationPlatforms) = postSolution
		{A7143086-D1BE-474E-A4D4-BC1746194B36}.Debug|Any CPU.ActiveCfg = Debug|Any CPU
		{A7143086-D1BE-474E-A4D4-BC1746194B36}.Debug|Any CPU.Build.0 = Debug|Any CPU
		{A7143086-D1BE-474E-A4D4-BC1746194B36}.Release|Any CPU.ActiveCfg = Release|Any CPU
		{A7143086-D1BE-474E-A4D4-BC1746194B36}.Release|Any CPU.Build.0 = Release|Any CPU
	EndGlobalSection
	GlobalSection(SolutionProperties) = preSolution
		HideSolutionNode = FALSE
	EndGlobalSection
	GlobalSection(ExtensibilityGlobals) = postSolution
		SolutionGuid = {DF1C3360-FB24-4549-9EE3-5E911B446CA3}
	EndGlobalSection
EndGlobal
