
Microsoft Visual Studio Solution File, Format Version 12.00
# Visual Studio Version 16
VisualStudioVersion = 16.0.29806.167
MinimumVisualStudioVersion = 10.0.40219.1
Project("{FAE04EC0-301F-11D3-BF4B-00C04F79EFBC}") = "LogTextFiles_step297", "LogTextFiles_step297.csproj", "{2CFE8F55-34CA-4A89-8C54-6E8566FD6257}"
EndProject
Global
	GlobalSection(SolutionConfigurationPlatforms) = preSolution
		Debug|Any CPU = Debug|Any CPU
		Release|Any CPU = Release|Any CPU
	EndGlobalSection
	GlobalSection(ProjectConfigurationPlatforms) = postSolution
		{2CFE8F55-34CA-4A89-8C54-6E8566FD6257}.Debug|Any CPU.ActiveCfg = Debug|Any CPU
		{2CFE8F55-34CA-4A89-8C54-6E8566FD6257}.Debug|Any CPU.Build.0 = Debug|Any CPU
		{2CFE8F55-34CA-4A89-8C54-6E8566FD6257}.Release|Any CPU.ActiveCfg = Release|Any CPU
		{2CFE8F55-34CA-4A89-8C54-6E8566FD6257}.Release|Any CPU.Build.0 = Release|Any CPU
	EndGlobalSection
	GlobalSection(SolutionProperties) = preSolution
		HideSolutionNode = FALSE
	EndGlobalSection
	GlobalSection(ExtensibilityGlobals) = postSolution
		SolutionGuid = {6B5E86D0-461D-4C3A-A436-EC9277021E48}
	EndGlobalSection
EndGlobal
